
Microsoft Visual Studio Solution File, Format Version 12.00
# Visual Studio Version 17
VisualStudioVersion = 17.13.35931.197
MinimumVisualStudioVersion = 10.0.40219.1
Project("{2150E333-8FDC-42A3-9474-1A3956D46DE8}") = "Platform", "Platform", "{02EA681E-C7D8-13C7-8484-4AC65E1B71E8}"
EndProject
Project("{2150E333-8FDC-42A3-9474-1A3956D46DE8}") = "Tests", "Tests", "{30517CC4-56F4-466D-998B-D2B2050C4935}"
EndProject
Project("{FAE04EC0-301F-11D3-BF4B-00C04F79EFBC}") = "FinalEngine.Tests", "FinalEngine.Tests\FinalEngine.Tests.csproj", "{9EC9F5A4-352C-3D9A-6F16-55C4B1C6CC16}"
EndProject
Project("{2150E333-8FDC-42A3-9474-1A3956D46DE8}") = "Solution Items", "Solution Items", "{8EC462FD-D22E-90A8-E5CE-7E832BA40C5D}"
	ProjectSection(SolutionItems) = preProject
		.editorconfig = .editorconfig
		.gitignore = .gitignore
		CHANGELOG.md = CHANGELOG.md
		CODE_OF_CONDUCT.md = CODE_OF_CONDUCT.md
		CONTRIBUTING.md = CONTRIBUTING.md
		Directory.Build.props = Directory.Build.props
		Directory.Packages.props = Directory.Packages.props
		FUNDING.yml = FUNDING.yml
		LICENSE = LICENSE
		README.md = README.md
		SECURITY.md = SECURITY.md
	EndProjectSection
EndProject
Project("{2150E333-8FDC-42A3-9474-1A3956D46DE8}") = "Hosting", "Hosting", "{5119D05A-5EDA-44A9-9F47-D079A23921A4}"
EndProject
Project("{2150E333-8FDC-42A3-9474-1A3956D46DE8}") = "Core", "Core", "{CDE87FA7-2A55-42EB-B469-CCB4ED4951D6}"
EndProject
Project("{FAE04EC0-301F-11D3-BF4B-00C04F79EFBC}") = "FinalEngine", "FinalEngine\FinalEngine.csproj", "{06F0CC7C-9531-4BF9-B522-FF8365A8F67A}"
EndProject
Project("{FAE04EC0-301F-11D3-BF4B-00C04F79EFBC}") = "FinalEngine.Hosting", "FinalEngine.Hosting\FinalEngine.Hosting.csproj", "{C0DE2ED2-AACA-472C-A05F-4CB518465359}"
EndProject
Project("{FAE04EC0-301F-11D3-BF4B-00C04F79EFBC}") = "FinalEngine.Platform.Desktop", "FinalEngine.Platform\FinalEngine.Platform.Desktop.csproj", "{6053FFFB-515D-444B-A58F-05710B93A549}"
EndProject
Project("{2150E333-8FDC-42A3-9474-1A3956D46DE8}") = "Example", "Example", "{BB132247-057E-4EA8-B3D5-EBCC68D77004}"
EndProject
Project("{FAE04EC0-301F-11D3-BF4B-00C04F79EFBC}") = "ExampleGame", "ExampleGame\ExampleGame.csproj", "{258FB032-857B-4AE5-A539-860691368824}"
EndProject
Project("{FAE04EC0-301F-11D3-BF4B-00C04F79EFBC}") = "ExampleGame.Desktop", "ExampleGame.Desktop\ExampleGame.Desktop.csproj", "{0A1E8A87-43FF-474E-8633-2212B3C23F30}"
EndProject
Global
	GlobalSection(SolutionConfigurationPlatforms) = preSolution
		Debug|x64 = Debug|x64
		Release|x64 = Release|x64
	EndGlobalSection
	GlobalSection(ProjectConfigurationPlatforms) = postSolution
		{9EC9F5A4-352C-3D9A-6F16-55C4B1C6CC16}.Debug|x64.ActiveCfg = Debug|x64
		{9EC9F5A4-352C-3D9A-6F16-55C4B1C6CC16}.Debug|x64.Build.0 = Debug|x64
		{9EC9F5A4-352C-3D9A-6F16-55C4B1C6CC16}.Release|x64.ActiveCfg = Release|x64
		{06F0CC7C-9531-4BF9-B522-FF8365A8F67A}.Debug|x64.ActiveCfg = Debug|x64
		{06F0CC7C-9531-4BF9-B522-FF8365A8F67A}.Debug|x64.Build.0 = Debug|x64
		{06F0CC7C-9531-4BF9-B522-FF8365A8F67A}.Release|x64.ActiveCfg = Release|x64
		{06F0CC7C-9531-4BF9-B522-FF8365A8F67A}.Release|x64.Build.0 = Release|x64
		{C0DE2ED2-AACA-472C-A05F-4CB518465359}.Debug|x64.ActiveCfg = Debug|x64
		{C0DE2ED2-AACA-472C-A05F-4CB518465359}.Debug|x64.Build.0 = Debug|x64
		{C0DE2ED2-AACA-472C-A05F-4CB518465359}.Release|x64.ActiveCfg = Release|x64
		{C0DE2ED2-AACA-472C-A05F-4CB518465359}.Release|x64.Build.0 = Release|x64
		{6053FFFB-515D-444B-A58F-05710B93A549}.Debug|x64.ActiveCfg = Debug|x64
		{6053FFFB-515D-444B-A58F-05710B93A549}.Debug|x64.Build.0 = Debug|x64
		{6053FFFB-515D-444B-A58F-05710B93A549}.Release|x64.ActiveCfg = Release|x64
		{6053FFFB-515D-444B-A58F-05710B93A549}.Release|x64.Build.0 = Release|x64
		{258FB032-857B-4AE5-A539-860691368824}.Debug|x64.ActiveCfg = Debug|x64
		{258FB032-857B-4AE5-A539-860691368824}.Debug|x64.Build.0 = Debug|x64
		{258FB032-857B-4AE5-A539-860691368824}.Release|x64.ActiveCfg = Release|x64
		{258FB032-857B-4AE5-A539-860691368824}.Release|x64.Build.0 = Release|x64
		{0A1E8A87-43FF-474E-8633-2212B3C23F30}.Debug|x64.ActiveCfg = Debug|x64
		{0A1E8A87-43FF-474E-8633-2212B3C23F30}.Debug|x64.Build.0 = Debug|x64
		{0A1E8A87-43FF-474E-8633-2212B3C23F30}.Release|x64.ActiveCfg = Release|x64
		{0A1E8A87-43FF-474E-8633-2212B3C23F30}.Release|x64.Build.0 = Release|x64
	EndGlobalSection
	GlobalSection(SolutionProperties) = preSolution
		HideSolutionNode = FALSE
	EndGlobalSection
	GlobalSection(NestedProjects) = preSolution
		{9EC9F5A4-352C-3D9A-6F16-55C4B1C6CC16} = {30517CC4-56F4-466D-998B-D2B2050C4935}
		{06F0CC7C-9531-4BF9-B522-FF8365A8F67A} = {CDE87FA7-2A55-42EB-B469-CCB4ED4951D6}
		{C0DE2ED2-AACA-472C-A05F-4CB518465359} = {5119D05A-5EDA-44A9-9F47-D079A23921A4}
		{6053FFFB-515D-444B-A58F-05710B93A549} = {02EA681E-C7D8-13C7-8484-4AC65E1B71E8}
		{258FB032-857B-4AE5-A539-860691368824} = {BB132247-057E-4EA8-B3D5-EBCC68D77004}
		{0A1E8A87-43FF-474E-8633-2212B3C23F30} = {BB132247-057E-4EA8-B3D5-EBCC68D77004}
	EndGlobalSection
	GlobalSection(ExtensibilityGlobals) = postSolution
		SolutionGuid = {72EB2B58-57F1-44FF-8653-8234E41F1E83}
	EndGlobalSection
EndGlobal
