
Microsoft Visual Studio Solution File, Format Version 12.00
# Visual Studio Version 16
VisualStudioVersion = 16.0.29123.88
MinimumVisualStudioVersion = 15.0.26124.0
Project("{2150E333-8FDC-42A3-9474-1A3956D46DE8}") = "Solution Items", "Solution Items", "{14909D16-2584-4EB6-8656-7DA0C1DD540F}"
	ProjectSection(SolutionItems) = preProject
		.editorconfig = .editorconfig
		CodeReview.md = CodeReview.md
		Goal.txt = Goal.txt
	EndProjectSection
EndProject
Project("{2150E333-8FDC-42A3-9474-1A3956D46DE8}") = "Platform", "Platform", "{8500D452-62BA-4DAE-BA1D-5A51632955EC}"
EndProject
Project("{9A19103F-16F7-4668-BE54-9A1E7A4F7556}") = "FinalEngine.Platform", "FinalEngine.Platform\FinalEngine.Platform.csproj", "{025F4A45-6953-4A11-871E-D034E9C61B0A}"
EndProject
Project("{9A19103F-16F7-4668-BE54-9A1E7A4F7556}") = "FinalEngine.Platform.Desktop", "FinalEngine.Platform.Desktop\FinalEngine.Platform.Desktop.csproj", "{B123653E-BA9E-463C-B109-4C294385D74E}"
EndProject
Project("{2150E333-8FDC-42A3-9474-1A3956D46DE8}") = "Core", "Core", "{198F3F27-340D-4617-86BB-AE9D9D5494A2}"
EndProject
Project("{9A19103F-16F7-4668-BE54-9A1E7A4F7556}") = "FinalEngine.Input", "FinalEngine.Input\FinalEngine.Input.csproj", "{F22EC955-61B2-4021-88F2-BD889DED8716}"
EndProject
Project("{2150E333-8FDC-42A3-9474-1A3956D46DE8}") = "Tests", "Tests", "{E9320D29-CE2F-4A99-8F58-8E52E89E0147}"
EndProject
Project("{9A19103F-16F7-4668-BE54-9A1E7A4F7556}") = "FinalEngine.Tests", "FinalEngine.Tests\FinalEngine.Tests.csproj", "{9835B6B5-0A5F-4645-82B6-3B34F0DA91E1}"
EndProject
Project("{9A19103F-16F7-4668-BE54-9A1E7A4F7556}") = "FinalEngine.IO", "FinalEngine.IO\FinalEngine.IO.csproj", "{533E347F-03B4-4C45-8F21-85EA20BF3448}"
EndProject
Project("{2150E333-8FDC-42A3-9474-1A3956D46DE8}") = "Rendering", "Rendering", "{B2CD257E-E2BC-4259-A9B5-4DA90A7DE0B3}"
EndProject
Project("{9A19103F-16F7-4668-BE54-9A1E7A4F7556}") = "FinalEngine.Rendering", "FinalEngine.Rendering\FinalEngine.Rendering.csproj", "{0A41C3A7-1881-43F8-BE83-8B35D6B04221}"
EndProject
Project("{9A19103F-16F7-4668-BE54-9A1E7A4F7556}") = "FinalEngine.Rendering.OpenGL", "FinalEngine.Rendering.OpenGL\FinalEngine.Rendering.OpenGL.csproj", "{14B5098C-79C8-44BB-A485-6638873F10BC}"
EndProject
Project("{9A19103F-16F7-4668-BE54-9A1E7A4F7556}") = "FinalEngine.Utilities", "FinalEngine.Utilities\FinalEngine.Utilities.csproj", "{82A89B14-C583-4762-AAB1-F81E1C29E5D8}"
EndProject
Project("{2150E333-8FDC-42A3-9474-1A3956D46DE8}") = "Launching", "Launching", "{B08DA1A9-E4B4-43A7-B464-D17FCDE63C35}"
EndProject
Project("{9A19103F-16F7-4668-BE54-9A1E7A4F7556}") = "FinalEngine.Launching", "FinalEngine.Launching\FinalEngine.Launching.csproj", "{2C32F809-791A-47F0-988B-A7629930823C}"
EndProject
Project("{9A19103F-16F7-4668-BE54-9A1E7A4F7556}") = "FinalEngine.ECS", "FinalEngine.ECS\FinalEngine.ECS.csproj", "{976CD388-3DE5-4BA3-942F-C61C8D8F4C89}"
EndProject
Project("{9A19103F-16F7-4668-BE54-9A1E7A4F7556}") = "FinalEngine.Resources", "FinalEngine.Resources\FinalEngine.Resources.csproj", "{6E9F635E-3A47-4778-9925-D5C53FD2C9AC}"
EndProject
Project("{2150E333-8FDC-42A3-9474-1A3956D46DE8}") = "Editor", "Editor", "{D202DCF1-C1C5-4AD3-9D6A-8B0D0EBCB957}"
EndProject
Project("{FAE04EC0-301F-11D3-BF4B-00C04F79EFBC}") = "FinalEngine.Editor", "FinalEngine.Editor\FinalEngine.Editor.csproj", "{7DD222DA-3434-4261-B3FB-982C8E189B3C}"
EndProject
Global
	GlobalSection(SolutionConfigurationPlatforms) = preSolution
		Debug|Any CPU = Debug|Any CPU
		Release|Any CPU = Release|Any CPU
	EndGlobalSection
	GlobalSection(ProjectConfigurationPlatforms) = postSolution
		{025F4A45-6953-4A11-871E-D034E9C61B0A}.Debug|Any CPU.ActiveCfg = Debug|Any CPU
		{025F4A45-6953-4A11-871E-D034E9C61B0A}.Debug|Any CPU.Build.0 = Debug|Any CPU
		{025F4A45-6953-4A11-871E-D034E9C61B0A}.Release|Any CPU.ActiveCfg = Release|Any CPU
		{025F4A45-6953-4A11-871E-D034E9C61B0A}.Release|Any CPU.Build.0 = Release|Any CPU
		{B123653E-BA9E-463C-B109-4C294385D74E}.Debug|Any CPU.ActiveCfg = Debug|Any CPU
		{B123653E-BA9E-463C-B109-4C294385D74E}.Debug|Any CPU.Build.0 = Debug|Any CPU
		{B123653E-BA9E-463C-B109-4C294385D74E}.Release|Any CPU.ActiveCfg = Release|Any CPU
		{B123653E-BA9E-463C-B109-4C294385D74E}.Release|Any CPU.Build.0 = Release|Any CPU
		{F22EC955-61B2-4021-88F2-BD889DED8716}.Debug|Any CPU.ActiveCfg = Debug|Any CPU
		{F22EC955-61B2-4021-88F2-BD889DED8716}.Debug|Any CPU.Build.0 = Debug|Any CPU
		{F22EC955-61B2-4021-88F2-BD889DED8716}.Release|Any CPU.ActiveCfg = Release|Any CPU
		{F22EC955-61B2-4021-88F2-BD889DED8716}.Release|Any CPU.Build.0 = Release|Any CPU
		{9835B6B5-0A5F-4645-82B6-3B34F0DA91E1}.Debug|Any CPU.ActiveCfg = Debug|Any CPU
		{9835B6B5-0A5F-4645-82B6-3B34F0DA91E1}.Debug|Any CPU.Build.0 = Debug|Any CPU
		{9835B6B5-0A5F-4645-82B6-3B34F0DA91E1}.Release|Any CPU.ActiveCfg = Release|Any CPU
		{9835B6B5-0A5F-4645-82B6-3B34F0DA91E1}.Release|Any CPU.Build.0 = Release|Any CPU
		{533E347F-03B4-4C45-8F21-85EA20BF3448}.Debug|Any CPU.ActiveCfg = Debug|Any CPU
		{533E347F-03B4-4C45-8F21-85EA20BF3448}.Debug|Any CPU.Build.0 = Debug|Any CPU
		{533E347F-03B4-4C45-8F21-85EA20BF3448}.Release|Any CPU.ActiveCfg = Release|Any CPU
		{533E347F-03B4-4C45-8F21-85EA20BF3448}.Release|Any CPU.Build.0 = Release|Any CPU
		{0A41C3A7-1881-43F8-BE83-8B35D6B04221}.Debug|Any CPU.ActiveCfg = Debug|Any CPU
		{0A41C3A7-1881-43F8-BE83-8B35D6B04221}.Debug|Any CPU.Build.0 = Debug|Any CPU
		{0A41C3A7-1881-43F8-BE83-8B35D6B04221}.Release|Any CPU.ActiveCfg = Release|Any CPU
		{0A41C3A7-1881-43F8-BE83-8B35D6B04221}.Release|Any CPU.Build.0 = Release|Any CPU
		{14B5098C-79C8-44BB-A485-6638873F10BC}.Debug|Any CPU.ActiveCfg = Debug|Any CPU
		{14B5098C-79C8-44BB-A485-6638873F10BC}.Debug|Any CPU.Build.0 = Debug|Any CPU
		{14B5098C-79C8-44BB-A485-6638873F10BC}.Release|Any CPU.ActiveCfg = Release|Any CPU
		{14B5098C-79C8-44BB-A485-6638873F10BC}.Release|Any CPU.Build.0 = Release|Any CPU
		{82A89B14-C583-4762-AAB1-F81E1C29E5D8}.Debug|Any CPU.ActiveCfg = Debug|Any CPU
		{82A89B14-C583-4762-AAB1-F81E1C29E5D8}.Debug|Any CPU.Build.0 = Debug|Any CPU
		{82A89B14-C583-4762-AAB1-F81E1C29E5D8}.Release|Any CPU.ActiveCfg = Release|Any CPU
		{82A89B14-C583-4762-AAB1-F81E1C29E5D8}.Release|Any CPU.Build.0 = Release|Any CPU
		{2C32F809-791A-47F0-988B-A7629930823C}.Debug|Any CPU.ActiveCfg = Debug|Any CPU
		{2C32F809-791A-47F0-988B-A7629930823C}.Debug|Any CPU.Build.0 = Debug|Any CPU
		{2C32F809-791A-47F0-988B-A7629930823C}.Release|Any CPU.ActiveCfg = Release|Any CPU
		{2C32F809-791A-47F0-988B-A7629930823C}.Release|Any CPU.Build.0 = Release|Any CPU
		{976CD388-3DE5-4BA3-942F-C61C8D8F4C89}.Debug|Any CPU.ActiveCfg = Debug|Any CPU
		{976CD388-3DE5-4BA3-942F-C61C8D8F4C89}.Debug|Any CPU.Build.0 = Debug|Any CPU
		{976CD388-3DE5-4BA3-942F-C61C8D8F4C89}.Release|Any CPU.ActiveCfg = Release|Any CPU
		{976CD388-3DE5-4BA3-942F-C61C8D8F4C89}.Release|Any CPU.Build.0 = Release|Any CPU
		{6E9F635E-3A47-4778-9925-D5C53FD2C9AC}.Debug|Any CPU.ActiveCfg = Debug|Any CPU
		{6E9F635E-3A47-4778-9925-D5C53FD2C9AC}.Debug|Any CPU.Build.0 = Debug|Any CPU
		{6E9F635E-3A47-4778-9925-D5C53FD2C9AC}.Release|Any CPU.ActiveCfg = Release|Any CPU
		{6E9F635E-3A47-4778-9925-D5C53FD2C9AC}.Release|Any CPU.Build.0 = Release|Any CPU
		{7DD222DA-3434-4261-B3FB-982C8E189B3C}.Debug|Any CPU.ActiveCfg = Debug|Any CPU
		{7DD222DA-3434-4261-B3FB-982C8E189B3C}.Debug|Any CPU.Build.0 = Debug|Any CPU
		{7DD222DA-3434-4261-B3FB-982C8E189B3C}.Release|Any CPU.ActiveCfg = Release|Any CPU
		{7DD222DA-3434-4261-B3FB-982C8E189B3C}.Release|Any CPU.Build.0 = Release|Any CPU
	EndGlobalSection
	GlobalSection(SolutionProperties) = preSolution
		HideSolutionNode = FALSE
	EndGlobalSection
	GlobalSection(NestedProjects) = preSolution
		{025F4A45-6953-4A11-871E-D034E9C61B0A} = {8500D452-62BA-4DAE-BA1D-5A51632955EC}
		{B123653E-BA9E-463C-B109-4C294385D74E} = {8500D452-62BA-4DAE-BA1D-5A51632955EC}
		{F22EC955-61B2-4021-88F2-BD889DED8716} = {198F3F27-340D-4617-86BB-AE9D9D5494A2}
		{9835B6B5-0A5F-4645-82B6-3B34F0DA91E1} = {E9320D29-CE2F-4A99-8F58-8E52E89E0147}
		{533E347F-03B4-4C45-8F21-85EA20BF3448} = {198F3F27-340D-4617-86BB-AE9D9D5494A2}
		{0A41C3A7-1881-43F8-BE83-8B35D6B04221} = {B2CD257E-E2BC-4259-A9B5-4DA90A7DE0B3}
		{14B5098C-79C8-44BB-A485-6638873F10BC} = {B2CD257E-E2BC-4259-A9B5-4DA90A7DE0B3}
		{82A89B14-C583-4762-AAB1-F81E1C29E5D8} = {198F3F27-340D-4617-86BB-AE9D9D5494A2}
		{2C32F809-791A-47F0-988B-A7629930823C} = {B08DA1A9-E4B4-43A7-B464-D17FCDE63C35}
		{976CD388-3DE5-4BA3-942F-C61C8D8F4C89} = {198F3F27-340D-4617-86BB-AE9D9D5494A2}
		{6E9F635E-3A47-4778-9925-D5C53FD2C9AC} = {198F3F27-340D-4617-86BB-AE9D9D5494A2}
		{7DD222DA-3434-4261-B3FB-982C8E189B3C} = {D202DCF1-C1C5-4AD3-9D6A-8B0D0EBCB957}
	EndGlobalSection
	GlobalSection(ExtensibilityGlobals) = postSolution
		SolutionGuid = {A278B383-0D14-41B3-A71C-4505E1D503DF}
	EndGlobalSection
EndGlobal
