
Microsoft Visual Studio Solution File, Format Version 12.00
# Visual Studio Version 17
VisualStudioVersion = 17.13.35931.197
MinimumVisualStudioVersion = 10.0.40219.1
Project("{2150E333-8FDC-42A3-9474-1A3956D46DE8}") = "Platform", "Platform", "{02EA681E-C7D8-13C7-8484-4AC65E1B71E8}"
EndProject
Project("{FAE04EC0-301F-11D3-BF4B-00C04F79EFBC}") = "FinalEngine.Platform", "FinalEngine.Platform\FinalEngine.Platform.csproj", "{B5B5540F-2AA0-4735-9E08-7FD578BCBDA7}"
EndProject
Project("{FAE04EC0-301F-11D3-BF4B-00C04F79EFBC}") = "FinalEngine.Platform.Desktop", "FinalEngine.Platform.Desktop\FinalEngine.Platform.Desktop.csproj", "{5801209D-0EE1-49AD-A38E-133296EEBD3E}"
EndProject
Project("{2150E333-8FDC-42A3-9474-1A3956D46DE8}") = "Runtime", "Runtime", "{FBF4F0FC-ADE8-4206-B302-68421BC063C3}"
EndProject
Project("{FAE04EC0-301F-11D3-BF4B-00C04F79EFBC}") = "FinalEngine.Runtime.Desktop", "FinalEngine.Runtime.Desktop\FinalEngine.Runtime.Desktop.csproj", "{1B14ABB2-6557-4901-8E86-B88F686925D7}"
EndProject
Project("{FAE04EC0-301F-11D3-BF4B-00C04F79EFBC}") = "FinalEngine.Runtime", "FinalEngine.Runtime\FinalEngine.Runtime.csproj", "{CEAC45BB-0282-4DA5-8EEC-01F2E8DE4626}"
EndProject
Project("{FAE04EC0-301F-11D3-BF4B-00C04F79EFBC}") = "TestGame", "TestGame\TestGame.csproj", "{0EBEDED3-F26E-4F2C-8916-84D2E3BA506E}"
EndProject
Global
	GlobalSection(SolutionConfigurationPlatforms) = preSolution
		Debug|Any CPU = Debug|Any CPU
		Debug|x64 = Debug|x64
		Release|Any CPU = Release|Any CPU
		Release|x64 = Release|x64
	EndGlobalSection
	GlobalSection(ProjectConfigurationPlatforms) = postSolution
		{B5B5540F-2AA0-4735-9E08-7FD578BCBDA7}.Debug|Any CPU.ActiveCfg = Debug|x64
		{B5B5540F-2AA0-4735-9E08-7FD578BCBDA7}.Debug|x64.ActiveCfg = Debug|x64
		{B5B5540F-2AA0-4735-9E08-7FD578BCBDA7}.Debug|x64.Build.0 = Debug|x64
		{B5B5540F-2AA0-4735-9E08-7FD578BCBDA7}.Release|Any CPU.ActiveCfg = Release|x64
		{B5B5540F-2AA0-4735-9E08-7FD578BCBDA7}.Release|x64.ActiveCfg = Release|x64
		{B5B5540F-2AA0-4735-9E08-7FD578BCBDA7}.Release|x64.Build.0 = Release|x64
		{5801209D-0EE1-49AD-A38E-133296EEBD3E}.Debug|Any CPU.ActiveCfg = Debug|Any CPU
		{5801209D-0EE1-49AD-A38E-133296EEBD3E}.Debug|Any CPU.Build.0 = Debug|Any CPU
		{5801209D-0EE1-49AD-A38E-133296EEBD3E}.Debug|x64.ActiveCfg = Debug|x64
		{5801209D-0EE1-49AD-A38E-133296EEBD3E}.Debug|x64.Build.0 = Debug|x64
		{5801209D-0EE1-49AD-A38E-133296EEBD3E}.Release|Any CPU.ActiveCfg = Release|Any CPU
		{5801209D-0EE1-49AD-A38E-133296EEBD3E}.Release|Any CPU.Build.0 = Release|Any CPU
		{5801209D-0EE1-49AD-A38E-133296EEBD3E}.Release|x64.ActiveCfg = Release|x64
		{5801209D-0EE1-49AD-A38E-133296EEBD3E}.Release|x64.Build.0 = Release|x64
		{1B14ABB2-6557-4901-8E86-B88F686925D7}.Debug|Any CPU.ActiveCfg = Debug|Any CPU
		{1B14ABB2-6557-4901-8E86-B88F686925D7}.Debug|Any CPU.Build.0 = Debug|Any CPU
		{1B14ABB2-6557-4901-8E86-B88F686925D7}.Debug|x64.ActiveCfg = Debug|x64
		{1B14ABB2-6557-4901-8E86-B88F686925D7}.Debug|x64.Build.0 = Debug|x64
		{1B14ABB2-6557-4901-8E86-B88F686925D7}.Release|Any CPU.ActiveCfg = Release|Any CPU
		{1B14ABB2-6557-4901-8E86-B88F686925D7}.Release|Any CPU.Build.0 = Release|Any CPU
		{1B14ABB2-6557-4901-8E86-B88F686925D7}.Release|x64.ActiveCfg = Release|x64
		{1B14ABB2-6557-4901-8E86-B88F686925D7}.Release|x64.Build.0 = Release|x64
		{CEAC45BB-0282-4DA5-8EEC-01F2E8DE4626}.Debug|Any CPU.ActiveCfg = Debug|Any CPU
		{CEAC45BB-0282-4DA5-8EEC-01F2E8DE4626}.Debug|Any CPU.Build.0 = Debug|Any CPU
		{CEAC45BB-0282-4DA5-8EEC-01F2E8DE4626}.Debug|x64.ActiveCfg = Debug|x64
		{CEAC45BB-0282-4DA5-8EEC-01F2E8DE4626}.Debug|x64.Build.0 = Debug|x64
		{CEAC45BB-0282-4DA5-8EEC-01F2E8DE4626}.Release|Any CPU.ActiveCfg = Release|Any CPU
		{CEAC45BB-0282-4DA5-8EEC-01F2E8DE4626}.Release|Any CPU.Build.0 = Release|Any CPU
		{CEAC45BB-0282-4DA5-8EEC-01F2E8DE4626}.Release|x64.ActiveCfg = Release|x64
		{CEAC45BB-0282-4DA5-8EEC-01F2E8DE4626}.Release|x64.Build.0 = Release|x64
		{0EBEDED3-F26E-4F2C-8916-84D2E3BA506E}.Debug|Any CPU.ActiveCfg = Debug|Any CPU
		{0EBEDED3-F26E-4F2C-8916-84D2E3BA506E}.Debug|Any CPU.Build.0 = Debug|Any CPU
		{0EBEDED3-F26E-4F2C-8916-84D2E3BA506E}.Debug|x64.ActiveCfg = Debug|x64
		{0EBEDED3-F26E-4F2C-8916-84D2E3BA506E}.Debug|x64.Build.0 = Debug|x64
		{0EBEDED3-F26E-4F2C-8916-84D2E3BA506E}.Release|Any CPU.ActiveCfg = Release|Any CPU
		{0EBEDED3-F26E-4F2C-8916-84D2E3BA506E}.Release|Any CPU.Build.0 = Release|Any CPU
		{0EBEDED3-F26E-4F2C-8916-84D2E3BA506E}.Release|x64.ActiveCfg = Release|x64
		{0EBEDED3-F26E-4F2C-8916-84D2E3BA506E}.Release|x64.Build.0 = Release|x64
	EndGlobalSection
	GlobalSection(SolutionProperties) = preSolution
		HideSolutionNode = FALSE
	EndGlobalSection
	GlobalSection(NestedProjects) = preSolution
		{B5B5540F-2AA0-4735-9E08-7FD578BCBDA7} = {02EA681E-C7D8-13C7-8484-4AC65E1B71E8}
		{5801209D-0EE1-49AD-A38E-133296EEBD3E} = {02EA681E-C7D8-13C7-8484-4AC65E1B71E8}
		{1B14ABB2-6557-4901-8E86-B88F686925D7} = {FBF4F0FC-ADE8-4206-B302-68421BC063C3}
		{CEAC45BB-0282-4DA5-8EEC-01F2E8DE4626} = {FBF4F0FC-ADE8-4206-B302-68421BC063C3}
	EndGlobalSection
	GlobalSection(ExtensibilityGlobals) = postSolution
		SolutionGuid = {72EB2B58-57F1-44FF-8653-8234E41F1E83}
	EndGlobalSection
EndGlobal
